
Microsoft Visual Studio Solution File, Format Version 12.00
# Visual Studio 15
VisualStudioVersion = 15.0.26730.12
MinimumVisualStudioVersion = 10.0.40219.1
Project("{FAE04EC0-301F-11D3-BF4B-00C04F79EFBC}") = "WindowsFormsApp1", "WindowsFormsApp1\WindowsFormsApp1.csproj", "{4BEDA5C0-E26B-4AA5-AC7E-6C39CF9AC6EF}"
EndProject
Global
	GlobalSection(SolutionConfigurationPlatforms) = preSolution
		Debug|Any CPU = Debug|Any CPU
		Release|Any CPU = Release|Any CPU
	EndGlobalSection
	GlobalSection(ProjectConfigurationPlatforms) = postSolution
		{4BEDA5C0-E26B-4AA5-AC7E-6C39CF9AC6EF}.Debug|Any CPU.ActiveCfg = Debug|Any CPU
		{4BEDA5C0-E26B-4AA5-AC7E-6C39CF9AC6EF}.Debug|Any CPU.Build.0 = Debug|Any CPU
		{4BEDA5C0-E26B-4AA5-AC7E-6C39CF9AC6EF}.Release|Any CPU.ActiveCfg = Release|Any CPU
		{4BEDA5C0-E26B-4AA5-AC7E-6C39CF9AC6EF}.Release|Any CPU.Build.0 = Release|Any CPU
	EndGlobalSection
	GlobalSection(SolutionProperties) = preSolution
		HideSolutionNode = FALSE
	EndGlobalSection
	GlobalSection(ExtensibilityGlobals) = postSolution
		SolutionGuid = {29E8E37C-5848-467F-8A09-1965CC0E8AEA}
	EndGlobalSection
EndGlobal
